// !$*UTF8*$!
{
	archiveVersion = 1;
	classes = {
	};
	objectVersion = 56;
	objects = {

/* Begin PBXBuildFile section */
		E290DFC92A565B8C00C4B5C9 /* AppDelegate.swift in Sources */ = {isa = PBXBuildFile; fileRef = E290DFC82A565B8C00C4B5C9 /* AppDelegate.swift */; };
		E290DFCB2A565B8C00C4B5C9 /* SceneDelegate.swift in Sources */ = {isa = PBXBuildFile; fileRef = E290DFCA2A565B8C00C4B5C9 /* SceneDelegate.swift */; };
		E290DFCD2A565B8C00C4B5C9 /* ViewController.swift in Sources */ = {isa = PBXBuildFile; fileRef = E290DFCC2A565B8C00C4B5C9 /* ViewController.swift */; };
		E290DFD02A565B8C00C4B5C9 /* Main.storyboard in Resources */ = {isa = PBXBuildFile; fileRef = E290DFCE2A565B8C00C4B5C9 /* Main.storyboard */; };
		E290DFD22A565B8D00C4B5C9 /* Assets.xcassets in Resources */ = {isa = PBXBuildFile; fileRef = E290DFD12A565B8D00C4B5C9 /* Assets.xcassets */; };
		E290DFD52A565B8D00C4B5C9 /* LaunchScreen.storyboard in Resources */ = {isa = PBXBuildFile; fileRef = E290DFD32A565B8D00C4B5C9 /* LaunchScreen.storyboard */; };
		E290DFE02A565B8D00C4B5C9 /* NineChallengeTests.swift in Sources */ = {isa = PBXBuildFile; fileRef = E290DFDF2A565B8D00C4B5C9 /* NineChallengeTests.swift */; };
		E290DFEA2A565B8D00C4B5C9 /* NineChallengeUITests.swift in Sources */ = {isa = PBXBuildFile; fileRef = E290DFE92A565B8D00C4B5C9 /* NineChallengeUITests.swift */; };
		E290DFEC2A565B8D00C4B5C9 /* NineChallengeUITestsLaunchTests.swift in Sources */ = {isa = PBXBuildFile; fileRef = E290DFEB2A565B8D00C4B5C9 /* NineChallengeUITestsLaunchTests.swift */; };
/* End PBXBuildFile section */

/* Begin PBXContainerItemProxy section */
		E290DFDC2A565B8D00C4B5C9 /* PBXContainerItemProxy */ = {
			isa = PBXContainerItemProxy;
			containerPortal = E290DFBD2A565B8C00C4B5C9 /* Project object */;
			proxyType = 1;
			remoteGlobalIDString = E290DFC42A565B8C00C4B5C9;
			remoteInfo = NineChallenge;
		};
		E290DFE62A565B8D00C4B5C9 /* PBXContainerItemProxy */ = {
			isa = PBXContainerItemProxy;
			containerPortal = E290DFBD2A565B8C00C4B5C9 /* Project object */;
			proxyType = 1;
			remoteGlobalIDString = E290DFC42A565B8C00C4B5C9;
			remoteInfo = NineChallenge;
		};
/* End PBXContainerItemProxy section */

/* Begin PBXFileReference section */
		E290DFC52A565B8C00C4B5C9 /* NineChallenge.app */ = {isa = PBXFileReference; explicitFileType = wrapper.application; includeInIndex = 0; path = NineChallenge.app; sourceTree = BUILT_PRODUCTS_DIR; };
		E290DFC82A565B8C00C4B5C9 /* AppDelegate.swift */ = {isa = PBXFileReference; lastKnownFileType = sourcecode.swift; path = AppDelegate.swift; sourceTree = "<group>"; };
		E290DFCA2A565B8C00C4B5C9 /* SceneDelegate.swift */ = {isa = PBXFileReference; lastKnownFileType = sourcecode.swift; path = SceneDelegate.swift; sourceTree = "<group>"; };
		E290DFCC2A565B8C00C4B5C9 /* ViewController.swift */ = {isa = PBXFileReference; lastKnownFileType = sourcecode.swift; path = ViewController.swift; sourceTree = "<group>"; };
		E290DFCF2A565B8C00C4B5C9 /* Base */ = {isa = PBXFileReference; lastKnownFileType = file.storyboard; name = Base; path = Base.lproj/Main.storyboard; sourceTree = "<group>"; };
		E290DFD12A565B8D00C4B5C9 /* Assets.xcassets */ = {isa = PBXFileReference; lastKnownFileType = folder.assetcatalog; path = Assets.xcassets; sourceTree = "<group>"; };
		E290DFD42A565B8D00C4B5C9 /* Base */ = {isa = PBXFileReference; lastKnownFileType = file.storyboard; name = Base; path = Base.lproj/LaunchScreen.storyboard; sourceTree = "<group>"; };
		E290DFD62A565B8D00C4B5C9 /* Info.plist */ = {isa = PBXFileReference; lastKnownFileType = text.plist.xml; path = Info.plist; sourceTree = "<group>"; };
		E290DFDB2A565B8D00C4B5C9 /* NineChallengeTests.xctest */ = {isa = PBXFileReference; explicitFileType = wrapper.cfbundle; includeInIndex = 0; path = NineChallengeTests.xctest; sourceTree = BUILT_PRODUCTS_DIR; };
		E290DFDF2A565B8D00C4B5C9 /* NineChallengeTests.swift */ = {isa = PBXFileReference; lastKnownFileType = sourcecode.swift; path = NineChallengeTests.swift; sourceTree = "<group>"; };
		E290DFE52A565B8D00C4B5C9 /* NineChallengeUITests.xctest */ = {isa = PBXFileReference; explicitFileType = wrapper.cfbundle; includeInIndex = 0; path = NineChallengeUITests.xctest; sourceTree = BUILT_PRODUCTS_DIR; };
		E290DFE92A565B8D00C4B5C9 /* NineChallengeUITests.swift */ = {isa = PBXFileReference; lastKnownFileType = sourcecode.swift; path = NineChallengeUITests.swift; sourceTree = "<group>"; };
		E290DFEB2A565B8D00C4B5C9 /* NineChallengeUITestsLaunchTests.swift */ = {isa = PBXFileReference; lastKnownFileType = sourcecode.swift; path = NineChallengeUITestsLaunchTests.swift; sourceTree = "<group>"; };
/* End PBXFileReference section */

/* Begin PBXFrameworksBuildPhase section */
		E290DFC22A565B8C00C4B5C9 /* Frameworks */ = {
			isa = PBXFrameworksBuildPhase;
			buildActionMask = 2147483647;
			files = (
			);
			runOnlyForDeploymentPostprocessing = 0;
		};
		E290DFD82A565B8D00C4B5C9 /* Frameworks */ = {
			isa = PBXFrameworksBuildPhase;
			buildActionMask = 2147483647;
			files = (
			);
			runOnlyForDeploymentPostprocessing = 0;
		};
		E290DFE22A565B8D00C4B5C9 /* Frameworks */ = {
			isa = PBXFrameworksBuildPhase;
			buildActionMask = 2147483647;
			files = (
			);
			runOnlyForDeploymentPostprocessing = 0;
		};
/* End PBXFrameworksBuildPhase section */

/* Begin PBXGroup section */
		E290DFBC2A565B8C00C4B5C9 = {
			isa = PBXGroup;
			children = (
				E290DFC72A565B8C00C4B5C9 /* NineChallenge */,
				E290DFDE2A565B8D00C4B5C9 /* NineChallengeTests */,
				E290DFE82A565B8D00C4B5C9 /* NineChallengeUITests */,
				E290DFC62A565B8C00C4B5C9 /* Products */,
			);
			sourceTree = "<group>";
		};
		E290DFC62A565B8C00C4B5C9 /* Products */ = {
			isa = PBXGroup;
			children = (
				E290DFC52A565B8C00C4B5C9 /* NineChallenge.app */,
				E290DFDB2A565B8D00C4B5C9 /* NineChallengeTests.xctest */,
				E290DFE52A565B8D00C4B5C9 /* NineChallengeUITests.xctest */,
			);
			name = Products;
			sourceTree = "<group>";
		};
		E290DFC72A565B8C00C4B5C9 /* NineChallenge */ = {
			isa = PBXGroup;
			children = (
				E290DFC82A565B8C00C4B5C9 /* AppDelegate.swift */,
				E290DFCA2A565B8C00C4B5C9 /* SceneDelegate.swift */,
				E290DFCC2A565B8C00C4B5C9 /* ViewController.swift */,
				E290DFCE2A565B8C00C4B5C9 /* Main.storyboard */,
				E290DFD12A565B8D00C4B5C9 /* Assets.xcassets */,
				E290DFD32A565B8D00C4B5C9 /* LaunchScreen.storyboard */,
				E290DFD62A565B8D00C4B5C9 /* Info.plist */,
			);
			path = NineChallenge;
			sourceTree = "<group>";
		};
		E290DFDE2A565B8D00C4B5C9 /* NineChallengeTests */ = {
			isa = PBXGroup;
			children = (
				E290DFDF2A565B8D00C4B5C9 /* NineChallengeTests.swift */,
			);
			path = NineChallengeTests;
			sourceTree = "<group>";
		};
		E290DFE82A565B8D00C4B5C9 /* NineChallengeUITests */ = {
			isa = PBXGroup;
			children = (
				E290DFE92A565B8D00C4B5C9 /* NineChallengeUITests.swift */,
				E290DFEB2A565B8D00C4B5C9 /* NineChallengeUITestsLaunchTests.swift */,
			);
			path = NineChallengeUITests;
			sourceTree = "<group>";
		};
/* End PBXGroup section */

/* Begin PBXNativeTarget section */
		E290DFC42A565B8C00C4B5C9 /* NineChallenge */ = {
			isa = PBXNativeTarget;
			buildConfigurationList = E290DFEF2A565B8D00C4B5C9 /* Build configuration list for PBXNativeTarget "NineChallenge" */;
			buildPhases = (
				E290DFC12A565B8C00C4B5C9 /* Sources */,
				E290DFC22A565B8C00C4B5C9 /* Frameworks */,
				E290DFC32A565B8C00C4B5C9 /* Resources */,
			);
			buildRules = (
			);
			dependencies = (
			);
			name = NineChallenge;
			productName = NineChallenge;
			productReference = E290DFC52A565B8C00C4B5C9 /* NineChallenge.app */;
			productType = "com.apple.product-type.application";
		};
		E290DFDA2A565B8D00C4B5C9 /* NineChallengeTests */ = {
			isa = PBXNativeTarget;
			buildConfigurationList = E290DFF22A565B8D00C4B5C9 /* Build configuration list for PBXNativeTarget "NineChallengeTests" */;
			buildPhases = (
				E290DFD72A565B8D00C4B5C9 /* Sources */,
				E290DFD82A565B8D00C4B5C9 /* Frameworks */,
				E290DFD92A565B8D00C4B5C9 /* Resources */,
			);
			buildRules = (
			);
			dependencies = (
				E290DFDD2A565B8D00C4B5C9 /* PBXTargetDependency */,
			);
			name = NineChallengeTests;
			productName = NineChallengeTests;
			productReference = E290DFDB2A565B8D00C4B5C9 /* NineChallengeTests.xctest */;
			productType = "com.apple.product-type.bundle.unit-test";
		};
		E290DFE42A565B8D00C4B5C9 /* NineChallengeUITests */ = {
			isa = PBXNativeTarget;
			buildConfigurationList = E290DFF52A565B8D00C4B5C9 /* Build configuration list for PBXNativeTarget "NineChallengeUITests" */;
			buildPhases = (
				E290DFE12A565B8D00C4B5C9 /* Sources */,
				E290DFE22A565B8D00C4B5C9 /* Frameworks */,
				E290DFE32A565B8D00C4B5C9 /* Resources */,
			);
			buildRules = (
			);
			dependencies = (
				E290DFE72A565B8D00C4B5C9 /* PBXTargetDependency */,
			);
			name = NineChallengeUITests;
			productName = NineChallengeUITests;
			productReference = E290DFE52A565B8D00C4B5C9 /* NineChallengeUITests.xctest */;
			productType = "com.apple.product-type.bundle.ui-testing";
		};
/* End PBXNativeTarget section */

/* Begin PBXProject section */
		E290DFBD2A565B8C00C4B5C9 /* Project object */ = {
			isa = PBXProject;
			attributes = {
				BuildIndependentTargetsInParallel = 1;
				LastSwiftUpdateCheck = 1430;
				LastUpgradeCheck = 1430;
				TargetAttributes = {
					E290DFC42A565B8C00C4B5C9 = {
						CreatedOnToolsVersion = 14.3.1;
					};
					E290DFDA2A565B8D00C4B5C9 = {
						CreatedOnToolsVersion = 14.3.1;
						TestTargetID = E290DFC42A565B8C00C4B5C9;
					};
					E290DFE42A565B8D00C4B5C9 = {
						CreatedOnToolsVersion = 14.3.1;
						TestTargetID = E290DFC42A565B8C00C4B5C9;
					};
				};
			};
			buildConfigurationList = E290DFC02A565B8C00C4B5C9 /* Build configuration list for PBXProject "NineChallenge" */;
			compatibilityVersion = "Xcode 14.0";
			developmentRegion = en;
			hasScannedForEncodings = 0;
			knownRegions = (
				en,
				Base,
			);
			mainGroup = E290DFBC2A565B8C00C4B5C9;
			productRefGroup = E290DFC62A565B8C00C4B5C9 /* Products */;
			projectDirPath = "";
			projectRoot = "";
			targets = (
				E290DFC42A565B8C00C4B5C9 /* NineChallenge */,
				E290DFDA2A565B8D00C4B5C9 /* NineChallengeTests */,
				E290DFE42A565B8D00C4B5C9 /* NineChallengeUITests */,
			);
		};
/* End PBXProject section */

/* Begin PBXResourcesBuildPhase section */
		E290DFC32A565B8C00C4B5C9 /* Resources */ = {
			isa = PBXResourcesBuildPhase;
			buildActionMask = 2147483647;
			files = (
				E290DFD52A565B8D00C4B5C9 /* LaunchScreen.storyboard in Resources */,
				E290DFD22A565B8D00C4B5C9 /* Assets.xcassets in Resources */,
				E290DFD02A565B8C00C4B5C9 /* Main.storyboard in Resources */,
			);
			runOnlyForDeploymentPostprocessing = 0;
		};
		E290DFD92A565B8D00C4B5C9 /* Resources */ = {
			isa = PBXResourcesBuildPhase;
			buildActionMask = 2147483647;
			files = (
			);
			runOnlyForDeploymentPostprocessing = 0;
		};
		E290DFE32A565B8D00C4B5C9 /* Resources */ = {
			isa = PBXResourcesBuildPhase;
			buildActionMask = 2147483647;
			files = (
			);
			runOnlyForDeploymentPostprocessing = 0;
		};
/* End PBXResourcesBuildPhase section */

/* Begin PBXSourcesBuildPhase section */
		E290DFC12A565B8C00C4B5C9 /* Sources */ = {
			isa = PBXSourcesBuildPhase;
			buildActionMask = 2147483647;
			files = (
				E290DFCD2A565B8C00C4B5C9 /* ViewController.swift in Sources */,
				E290DFC92A565B8C00C4B5C9 /* AppDelegate.swift in Sources */,
				E290DFCB2A565B8C00C4B5C9 /* SceneDelegate.swift in Sources */,
			);
			runOnlyForDeploymentPostprocessing = 0;
		};
		E290DFD72A565B8D00C4B5C9 /* Sources */ = {
			isa = PBXSourcesBuildPhase;
			buildActionMask = 2147483647;
			files = (
				E290DFE02A565B8D00C4B5C9 /* NineChallengeTests.swift in Sources */,
			);
			runOnlyForDeploymentPostprocessing = 0;
		};
		E290DFE12A565B8D00C4B5C9 /* Sources */ = {
			isa = PBXSourcesBuildPhase;
			buildActionMask = 2147483647;
			files = (
				E290DFEC2A565B8D00C4B5C9 /* NineChallengeUITestsLaunchTests.swift in Sources */,
				E290DFEA2A565B8D00C4B5C9 /* NineChallengeUITests.swift in Sources */,
			);
			runOnlyForDeploymentPostprocessing = 0;
		};
/* End PBXSourcesBuildPhase section */

/* Begin PBXTargetDependency section */
		E290DFDD2A565B8D00C4B5C9 /* PBXTargetDependency */ = {
			isa = PBXTargetDependency;
			target = E290DFC42A565B8C00C4B5C9 /* NineChallenge */;
			targetProxy = E290DFDC2A565B8D00C4B5C9 /* PBXContainerItemProxy */;
		};
		E290DFE72A565B8D00C4B5C9 /* PBXTargetDependency */ = {
			isa = PBXTargetDependency;
			target = E290DFC42A565B8C00C4B5C9 /* NineChallenge */;
			targetProxy = E290DFE62A565B8D00C4B5C9 /* PBXContainerItemProxy */;
		};
/* End PBXTargetDependency section */

/* Begin PBXVariantGroup section */
		E290DFCE2A565B8C00C4B5C9 /* Main.storyboard */ = {
			isa = PBXVariantGroup;
			children = (
				E290DFCF2A565B8C00C4B5C9 /* Base */,
			);
			name = Main.storyboard;
			sourceTree = "<group>";
		};
		E290DFD32A565B8D00C4B5C9 /* LaunchScreen.storyboard */ = {
			isa = PBXVariantGroup;
			children = (
				E290DFD42A565B8D00C4B5C9 /* Base */,
			);
			name = LaunchScreen.storyboard;
			sourceTree = "<group>";
		};
/* End PBXVariantGroup section */

/* Begin XCBuildConfiguration section */
		E290DFED2A565B8D00C4B5C9 /* Debug */ = {
			isa = XCBuildConfiguration;
			buildSettings = {
				ALWAYS_SEARCH_USER_PATHS = NO;
				CLANG_ANALYZER_NONNULL = YES;
				CLANG_ANALYZER_NUMBER_OBJECT_CONVERSION = YES_AGGRESSIVE;
				CLANG_CXX_LANGUAGE_STANDARD = "gnu++20";
				CLANG_ENABLE_MODULES = YES;
				CLANG_ENABLE_OBJC_ARC = YES;
				CLANG_ENABLE_OBJC_WEAK = YES;
				CLANG_WARN_BLOCK_CAPTURE_AUTORELEASING = YES;
				CLANG_WARN_BOOL_CONVERSION = YES;
				CLANG_WARN_COMMA = YES;
				CLANG_WARN_CONSTANT_CONVERSION = YES;
				CLANG_WARN_DEPRECATED_OBJC_IMPLEMENTATIONS = YES;
				CLANG_WARN_DIRECT_OBJC_ISA_USAGE = YES_ERROR;
				CLANG_WARN_DOCUMENTATION_COMMENTS = YES;
				CLANG_WARN_EMPTY_BODY = YES;
				CLANG_WARN_ENUM_CONVERSION = YES;
				CLANG_WARN_INFINITE_RECURSION = YES;
				CLANG_WARN_INT_CONVERSION = YES;
				CLANG_WARN_NON_LITERAL_NULL_CONVERSION = YES;
				CLANG_WARN_OBJC_IMPLICIT_RETAIN_SELF = YES;
				CLANG_WARN_OBJC_LITERAL_CONVERSION = YES;
				CLANG_WARN_OBJC_ROOT_CLASS = YES_ERROR;
				CLANG_WARN_QUOTED_INCLUDE_IN_FRAMEWORK_HEADER = YES;
				CLANG_WARN_RANGE_LOOP_ANALYSIS = YES;
				CLANG_WARN_STRICT_PROTOTYPES = YES;
				CLANG_WARN_SUSPICIOUS_MOVE = YES;
				CLANG_WARN_UNGUARDED_AVAILABILITY = YES_AGGRESSIVE;
				CLANG_WARN_UNREACHABLE_CODE = YES;
				CLANG_WARN__DUPLICATE_METHOD_MATCH = YES;
				COPY_PHASE_STRIP = NO;
				DEBUG_INFORMATION_FORMAT = dwarf;
				ENABLE_STRICT_OBJC_MSGSEND = YES;
				ENABLE_TESTABILITY = YES;
				GCC_C_LANGUAGE_STANDARD = gnu11;
				GCC_DYNAMIC_NO_PIC = NO;
				GCC_NO_COMMON_BLOCKS = YES;
				GCC_OPTIMIZATION_LEVEL = 0;
				GCC_PREPROCESSOR_DEFINITIONS = (
					"DEBUG=1",
					"$(inherited)",
				);
				GCC_WARN_64_TO_32_BIT_CONVERSION = YES;
				GCC_WARN_ABOUT_RETURN_TYPE = YES_ERROR;
				GCC_WARN_UNDECLARED_SELECTOR = YES;
				GCC_WARN_UNINITIALIZED_AUTOS = YES_AGGRESSIVE;
				GCC_WARN_UNUSED_FUNCTION = YES;
				GCC_WARN_UNUSED_VARIABLE = YES;
				IPHONEOS_DEPLOYMENT_TARGET = 16.4;
				MTL_ENABLE_DEBUG_INFO = INCLUDE_SOURCE;
				MTL_FAST_MATH = YES;
				ONLY_ACTIVE_ARCH = YES;
				SDKROOT = iphoneos;
				SWIFT_ACTIVE_COMPILATION_CONDITIONS = DEBUG;
				SWIFT_OPTIMIZATION_LEVEL = "-Onone";
			};
			name = Debug;
		};
		E290DFEE2A565B8D00C4B5C9 /* Release */ = {
			isa = XCBuildConfiguration;
			buildSettings = {
				ALWAYS_SEARCH_USER_PATHS = NO;
				CLANG_ANALYZER_NONNULL = YES;
				CLANG_ANALYZER_NUMBER_OBJECT_CONVERSION = YES_AGGRESSIVE;
				CLANG_CXX_LANGUAGE_STANDARD = "gnu++20";
				CLANG_ENABLE_MODULES = YES;
				CLANG_ENABLE_OBJC_ARC = YES;
				CLANG_ENABLE_OBJC_WEAK = YES;
				CLANG_WARN_BLOCK_CAPTURE_AUTORELEASING = YES;
				CLANG_WARN_BOOL_CONVERSION = YES;
				CLANG_WARN_COMMA = YES;
				CLANG_WARN_CONSTANT_CONVERSION = YES;
				CLANG_WARN_DEPRECATED_OBJC_IMPLEMENTATIONS = YES;
				CLANG_WARN_DIRECT_OBJC_ISA_USAGE = YES_ERROR;
				CLANG_WARN_DOCUMENTATION_COMMENTS = YES;
				CLANG_WARN_EMPTY_BODY = YES;
				CLANG_WARN_ENUM_CONVERSION = YES;
				CLANG_WARN_INFINITE_RECURSION = YES;
				CLANG_WARN_INT_CONVERSION = YES;
				CLANG_WARN_NON_LITERAL_NULL_CONVERSION = YES;
				CLANG_WARN_OBJC_IMPLICIT_RETAIN_SELF = YES;
				CLANG_WARN_OBJC_LITERAL_CONVERSION = YES;
				CLANG_WARN_OBJC_ROOT_CLASS = YES_ERROR;
				CLANG_WARN_QUOTED_INCLUDE_IN_FRAMEWORK_HEADER = YES;
				CLANG_WARN_RANGE_LOOP_ANALYSIS = YES;
				CLANG_WARN_STRICT_PROTOTYPES = YES;
				CLANG_WARN_SUSPICIOUS_MOVE = YES;
				CLANG_WARN_UNGUARDED_AVAILABILITY = YES_AGGRESSIVE;
				CLANG_WARN_UNREACHABLE_CODE = YES;
				CLANG_WARN__DUPLICATE_METHOD_MATCH = YES;
				COPY_PHASE_STRIP = NO;
				DEBUG_INFORMATION_FORMAT = "dwarf-with-dsym";
				ENABLE_NS_ASSERTIONS = NO;
				ENABLE_STRICT_OBJC_MSGSEND = YES;
				GCC_C_LANGUAGE_STANDARD = gnu11;
				GCC_NO_COMMON_BLOCKS = YES;
				GCC_WARN_64_TO_32_BIT_CONVERSION = YES;
				GCC_WARN_ABOUT_RETURN_TYPE = YES_ERROR;
				GCC_WARN_UNDECLARED_SELECTOR = YES;
				GCC_WARN_UNINITIALIZED_AUTOS = YES_AGGRESSIVE;
				GCC_WARN_UNUSED_FUNCTION = YES;
				GCC_WARN_UNUSED_VARIABLE = YES;
				IPHONEOS_DEPLOYMENT_TARGET = 16.4;
				MTL_ENABLE_DEBUG_INFO = NO;
				MTL_FAST_MATH = YES;
				SDKROOT = iphoneos;
				SWIFT_COMPILATION_MODE = wholemodule;
				SWIFT_OPTIMIZATION_LEVEL = "-O";
				VALIDATE_PRODUCT = YES;
			};
			name = Release;
		};
		E290DFF02A565B8D00C4B5C9 /* Debug */ = {
			isa = XCBuildConfiguration;
			buildSettings = {
				ASSETCATALOG_COMPILER_APPICON_NAME = AppIcon;
				ASSETCATALOG_COMPILER_GLOBAL_ACCENT_COLOR_NAME = AccentColor;
				CODE_SIGN_STYLE = Automatic;
				CURRENT_PROJECT_VERSION = 1;
				DEVELOPMENT_TEAM = T6SNZWZRC6;
				GENERATE_INFOPLIST_FILE = YES;
				INFOPLIST_FILE = NineChallenge/Info.plist;
				INFOPLIST_KEY_UIApplicationSupportsIndirectInputEvents = YES;
				INFOPLIST_KEY_UILaunchStoryboardName = LaunchScreen;
				INFOPLIST_KEY_UIMainStoryboardFile = Main;
				INFOPLIST_KEY_UISupportedInterfaceOrientations_iPad = "UIInterfaceOrientationPortrait UIInterfaceOrientationPortraitUpsideDown UIInterfaceOrientationLandscapeLeft UIInterfaceOrientationLandscapeRight";
				INFOPLIST_KEY_UISupportedInterfaceOrientations_iPhone = "UIInterfaceOrientationPortrait UIInterfaceOrientationLandscapeLeft UIInterfaceOrientationLandscapeRight";
				LD_RUNPATH_SEARCH_PATHS = (
					"$(inherited)",
					"@executable_path/Frameworks",
				);
				MARKETING_VERSION = 1.0;
				PRODUCT_BUNDLE_IDENTIFIER = AussieLaunch.NineChallenge;
				PRODUCT_NAME = "$(TARGET_NAME)";
				SWIFT_EMIT_LOC_STRINGS = YES;
				SWIFT_VERSION = 5.0;
				TARGETED_DEVICE_FAMILY = "1,2";
			};
			name = Debug;
		};
		E290DFF12A565B8D00C4B5C9 /* Release */ = {
			isa = XCBuildConfiguration;
			buildSettings = {
				ASSETCATALOG_COMPILER_APPICON_NAME = AppIcon;
				ASSETCATALOG_COMPILER_GLOBAL_ACCENT_COLOR_NAME = AccentColor;
				CODE_SIGN_STYLE = Automatic;
				CURRENT_PROJECT_VERSION = 1;
				DEVELOPMENT_TEAM = T6SNZWZRC6;
				GENERATE_INFOPLIST_FILE = YES;
				INFOPLIST_FILE = NineChallenge/Info.plist;
				INFOPLIST_KEY_UIApplicationSupportsIndirectInputEvents = YES;
				INFOPLIST_KEY_UILaunchStoryboardName = LaunchScreen;
				INFOPLIST_KEY_UIMainStoryboardFile = Main;
				INFOPLIST_KEY_UISupportedInterfaceOrientations_iPad = "UIInterfaceOrientationPortrait UIInterfaceOrientationPortraitUpsideDown UIInterfaceOrientationLandscapeLeft UIInterfaceOrientationLandscapeRight";
				INFOPLIST_KEY_UISupportedInterfaceOrientations_iPhone = "UIInterfaceOrientationPortrait UIInterfaceOrientationLandscapeLeft UIInterfaceOrientationLandscapeRight";
				LD_RUNPATH_SEARCH_PATHS = (
					"$(inherited)",
					"@executable_path/Frameworks",
				);
				MARKETING_VERSION = 1.0;
				PRODUCT_BUNDLE_IDENTIFIER = AussieLaunch.NineChallenge;
				PRODUCT_NAME = "$(TARGET_NAME)";
				SWIFT_EMIT_LOC_STRINGS = YES;
				SWIFT_VERSION = 5.0;
				TARGETED_DEVICE_FAMILY = "1,2";
			};
			name = Release;
		};
		E290DFF32A565B8D00C4B5C9 /* Debug */ = {
			isa = XCBuildConfiguration;
			buildSettings = {
				ALWAYS_EMBED_SWIFT_STANDARD_LIBRARIES = YES;
				BUNDLE_LOADER = "$(TEST_HOST)";
				CODE_SIGN_STYLE = Automatic;
				CURRENT_PROJECT_VERSION = 1;
				DEVELOPMENT_TEAM = T6SNZWZRC6;
				GENERATE_INFOPLIST_FILE = YES;
				IPHONEOS_DEPLOYMENT_TARGET = 16.4;
				MARKETING_VERSION = 1.0;
				PRODUCT_BUNDLE_IDENTIFIER = AussieLaunch.NineChallengeTests;
				PRODUCT_NAME = "$(TARGET_NAME)";
				SWIFT_EMIT_LOC_STRINGS = NO;
				SWIFT_VERSION = 5.0;
				TARGETED_DEVICE_FAMILY = "1,2";
				TEST_HOST = "$(BUILT_PRODUCTS_DIR)/NineChallenge.app/$(BUNDLE_EXECUTABLE_FOLDER_PATH)/NineChallenge";
			};
			name = Debug;
		};
		E290DFF42A565B8D00C4B5C9 /* Release */ = {
			isa = XCBuildConfiguration;
			buildSettings = {
				ALWAYS_EMBED_SWIFT_STANDARD_LIBRARIES = YES;
				BUNDLE_LOADER = "$(TEST_HOST)";
				CODE_SIGN_STYLE = Automatic;
				CURRENT_PROJECT_VERSION = 1;
				DEVELOPMENT_TEAM = T6SNZWZRC6;
				GENERATE_INFOPLIST_FILE = YES;
				IPHONEOS_DEPLOYMENT_TARGET = 16.4;
				MARKETING_VERSION = 1.0;
				PRODUCT_BUNDLE_IDENTIFIER = AussieLaunch.NineChallengeTests;
				PRODUCT_NAME = "$(TARGET_NAME)";
				SWIFT_EMIT_LOC_STRINGS = NO;
				SWIFT_VERSION = 5.0;
				TARGETED_DEVICE_FAMILY = "1,2";
				TEST_HOST = "$(BUILT_PRODUCTS_DIR)/NineChallenge.app/$(BUNDLE_EXECUTABLE_FOLDER_PATH)/NineChallenge";
			};
			name = Release;
		};
		E290DFF62A565B8D00C4B5C9 /* Debug */ = {
			isa = XCBuildConfiguration;
			buildSettings = {
				ALWAYS_EMBED_SWIFT_STANDARD_LIBRARIES = YES;
				CODE_SIGN_STYLE = Automatic;
				CURRENT_PROJECT_VERSION = 1;
				DEVELOPMENT_TEAM = T6SNZWZRC6;
				GENERATE_INFOPLIST_FILE = YES;
				MARKETING_VERSION = 1.0;
				PRODUCT_BUNDLE_IDENTIFIER = AussieLaunch.NineChallengeUITests;
				PRODUCT_NAME = "$(TARGET_NAME)";
				SWIFT_EMIT_LOC_STRINGS = NO;
				SWIFT_VERSION = 5.0;
				TARGETED_DEVICE_FAMILY = "1,2";
				TEST_TARGET_NAME = NineChallenge;
			};
			name = Debug;
		};
		E290DFF72A565B8D00C4B5C9 /* Release */ = {
			isa = XCBuildConfiguration;
			buildSettings = {
				ALWAYS_EMBED_SWIFT_STANDARD_LIBRARIES = YES;
				CODE_SIGN_STYLE = Automatic;
				CURRENT_PROJECT_VERSION = 1;
				DEVELOPMENT_TEAM = T6SNZWZRC6;
				GENERATE_INFOPLIST_FILE = YES;
				MARKETING_VERSION = 1.0;
				PRODUCT_BUNDLE_IDENTIFIER = AussieLaunch.NineChallengeUITests;
				PRODUCT_NAME = "$(TARGET_NAME)";
				SWIFT_EMIT_LOC_STRINGS = NO;
				SWIFT_VERSION = 5.0;
				TARGETED_DEVICE_FAMILY = "1,2";
				TEST_TARGET_NAME = NineChallenge;
			};
			name = Release;
		};
/* End XCBuildConfiguration section */

/* Begin XCConfigurationList section */
		E290DFC02A565B8C00C4B5C9 /* Build configuration list for PBXProject "NineChallenge" */ = {
			isa = XCConfigurationList;
			buildConfigurations = (
				E290DFED2A565B8D00C4B5C9 /* Debug */,
				E290DFEE2A565B8D00C4B5C9 /* Release */,
			);
			defaultConfigurationIsVisible = 0;
			defaultConfigurationName = Release;
		};
		E290DFEF2A565B8D00C4B5C9 /* Build configuration list for PBXNativeTarget "NineChallenge" */ = {
			isa = XCConfigurationList;
			buildConfigurations = (
				E290DFF02A565B8D00C4B5C9 /* Debug */,
				E290DFF12A565B8D00C4B5C9 /* Release */,
			);
			defaultConfigurationIsVisible = 0;
			defaultConfigurationName = Release;
		};
		E290DFF22A565B8D00C4B5C9 /* Build configuration list for PBXNativeTarget "NineChallengeTests" */ = {
			isa = XCConfigurationList;
			buildConfigurations = (
				E290DFF32A565B8D00C4B5C9 /* Debug */,
				E290DFF42A565B8D00C4B5C9 /* Release */,
			);
			defaultConfigurationIsVisible = 0;
			defaultConfigurationName = Release;
		};
		E290DFF52A565B8D00C4B5C9 /* Build configuration list for PBXNativeTarget "NineChallengeUITests" */ = {
			isa = XCConfigurationList;
			buildConfigurations = (
				E290DFF62A565B8D00C4B5C9 /* Debug */,
				E290DFF72A565B8D00C4B5C9 /* Release */,
			);
			defaultConfigurationIsVisible = 0;
			defaultConfigurationName = Release;
		};
/* End XCConfigurationList section */
	};
	rootObject = E290DFBD2A565B8C00C4B5C9 /* Project object */;
}
